
Microsoft Visual Studio Solution File, Format Version 12.00
# Visual Studio Version 17
VisualStudioVersion = 17.2.32616.157
MinimumVisualStudioVersion = 10.0.40219.1
Project("{FAE04EC0-301F-11D3-BF4B-00C04F79EFBC}") = "TimeTableBot", "TimeTableBot.csproj", "{64A37841-A413-4B2A-8B57-6F20262D8BB0}"
EndProject
Global
	GlobalSection(SolutionConfigurationPlatforms) = preSolution
		Debug|Any CPU = Debug|Any CPU
		Release|Any CPU = Release|Any CPU
	EndGlobalSection
	GlobalSection(ProjectConfigurationPlatforms) = postSolution
		{64A37841-A413-4B2A-8B57-6F20262D8BB0}.Debug|Any CPU.ActiveCfg = Debug|Any CPU
		{64A37841-A413-4B2A-8B57-6F20262D8BB0}.Debug|Any CPU.Build.0 = Debug|Any CPU
		{64A37841-A413-4B2A-8B57-6F20262D8BB0}.Release|Any CPU.ActiveCfg = Release|Any CPU
		{64A37841-A413-4B2A-8B57-6F20262D8BB0}.Release|Any CPU.Build.0 = Release|Any CPU
	EndGlobalSection
	GlobalSection(SolutionProperties) = preSolution
		HideSolutionNode = FALSE
	EndGlobalSection
	GlobalSection(ExtensibilityGlobals) = postSolution
		SolutionGuid = {6B0F793D-C3AD-45CD-BE07-1DAABCBCC215}
	EndGlobalSection
EndGlobal
